
Microsoft Visual Studio Solution File, Format Version 12.00
# Visual Studio 15
VisualStudioVersion = 15.0.28307.168
MinimumVisualStudioVersion = 10.0.40219.1
Project("{8BC9CEB8-8B4A-11D0-8D11-00A0C91BC942}") = "Sort", "Sort\Sort.vcxproj", "{D86A2DF9-849B-49B4-9448-605BFB133C1E}"
EndProject
Project("{8BC9CEB8-8B4A-11D0-8D11-00A0C91BC942}") = "SortTest", "SortTest\SortTest.vcxproj", "{F5DD8820-B5B2-47E4-8C80-7D2E928084C3}"
EndProject
Global
	GlobalSection(SolutionConfigurationPlatforms) = preSolution
		Debug|x64 = Debug|x64
		Debug|x86 = Debug|x86
		Release|x64 = Release|x64
		Release|x86 = Release|x86
	EndGlobalSection
	GlobalSection(ProjectConfigurationPlatforms) = postSolution
		{D86A2DF9-849B-49B4-9448-605BFB133C1E}.Debug|x64.ActiveCfg = Debug|x64
		{D86A2DF9-849B-49B4-9448-605BFB133C1E}.Debug|x64.Build.0 = Debug|x64
		{D86A2DF9-849B-49B4-9448-605BFB133C1E}.Debug|x86.ActiveCfg = Debug|Win32
		{D86A2DF9-849B-49B4-9448-605BFB133C1E}.Debug|x86.Build.0 = Debug|Win32
		{D86A2DF9-849B-49B4-9448-605BFB133C1E}.Release|x64.ActiveCfg = Release|x64
		{D86A2DF9-849B-49B4-9448-605BFB133C1E}.Release|x64.Build.0 = Release|x64
		{D86A2DF9-849B-49B4-9448-605BFB133C1E}.Release|x86.ActiveCfg = Release|Win32
		{D86A2DF9-849B-49B4-9448-605BFB133C1E}.Release|x86.Build.0 = Release|Win32
		{F5DD8820-B5B2-47E4-8C80-7D2E928084C3}.Debug|x64.ActiveCfg = Debug|x64
		{F5DD8820-B5B2-47E4-8C80-7D2E928084C3}.Debug|x64.Build.0 = Debug|x64
		{F5DD8820-B5B2-47E4-8C80-7D2E928084C3}.Debug|x86.ActiveCfg = Debug|Win32
		{F5DD8820-B5B2-47E4-8C80-7D2E928084C3}.Debug|x86.Build.0 = Debug|Win32
		{F5DD8820-B5B2-47E4-8C80-7D2E928084C3}.Release|x64.ActiveCfg = Release|x64
		{F5DD8820-B5B2-47E4-8C80-7D2E928084C3}.Release|x64.Build.0 = Release|x64
		{F5DD8820-B5B2-47E4-8C80-7D2E928084C3}.Release|x86.ActiveCfg = Release|Win32
		{F5DD8820-B5B2-47E4-8C80-7D2E928084C3}.Release|x86.Build.0 = Release|Win32
	EndGlobalSection
	GlobalSection(SolutionProperties) = preSolution
		HideSolutionNode = FALSE
	EndGlobalSection
	GlobalSection(ExtensibilityGlobals) = postSolution
		SolutionGuid = {6E58D865-D510-410B-B2B3-43EA7A311DF8}
	EndGlobalSection
EndGlobal
